
Microsoft Visual Studio Solution File, Format Version 12.00
# Visual Studio Version 17
VisualStudioVersion = 17.10.34916.146
MinimumVisualStudioVersion = 10.0.40219.1
Project("{9A19103F-16F7-4668-BE54-9A1E7A4F7556}") = "Labb-XUnit & Acceptanstestning", "Labb-XUnit & Acceptanstestning.csproj", "{D2287033-C34E-4CC6-A4B2-9421AA63F58C}"
EndProject
Project("{9A19103F-16F7-4668-BE54-9A1E7A4F7556}") = "Labb-XUnit & Acceptanstestning.Tests", ".\Labb-XUnit & Acceptanstestning.Tests\Labb-XUnit & Acceptanstestning.Tests.csproj", "{E0BFC2E0-168C-4946-8907-B250656AC68E}"
EndProject
Global
	GlobalSection(SolutionConfigurationPlatforms) = preSolution
		Debug|Any CPU = Debug|Any CPU
		Release|Any CPU = Release|Any CPU
	EndGlobalSection
	GlobalSection(ProjectConfigurationPlatforms) = postSolution
		{D2287033-C34E-4CC6-A4B2-9421AA63F58C}.Debug|Any CPU.ActiveCfg = Debug|Any CPU
		{D2287033-C34E-4CC6-A4B2-9421AA63F58C}.Debug|Any CPU.Build.0 = Debug|Any CPU
		{D2287033-C34E-4CC6-A4B2-9421AA63F58C}.Release|Any CPU.ActiveCfg = Release|Any CPU
		{D2287033-C34E-4CC6-A4B2-9421AA63F58C}.Release|Any CPU.Build.0 = Release|Any CPU
		{E0BFC2E0-168C-4946-8907-B250656AC68E}.Debug|Any CPU.ActiveCfg = Debug|Any CPU
		{E0BFC2E0-168C-4946-8907-B250656AC68E}.Debug|Any CPU.Build.0 = Debug|Any CPU
		{E0BFC2E0-168C-4946-8907-B250656AC68E}.Release|Any CPU.ActiveCfg = Release|Any CPU
		{E0BFC2E0-168C-4946-8907-B250656AC68E}.Release|Any CPU.Build.0 = Release|Any CPU
	EndGlobalSection
	GlobalSection(SolutionProperties) = preSolution
		HideSolutionNode = FALSE
	EndGlobalSection
	GlobalSection(ExtensibilityGlobals) = postSolution
		SolutionGuid = {F49013C7-E36B-4B17-ADDE-9025953674DD}
	EndGlobalSection
EndGlobal
